
Microsoft Visual Studio Solution File, Format Version 12.00
# Visual Studio Version 17
VisualStudioVersion = 17.14.36414.22
MinimumVisualStudioVersion = 10.0.40219.1
Project("{2150E333-8FDC-42A3-9474-1A3956D46DE8}") = "Task0", "Task0", "{02EA681E-C7D8-13C7-8484-4AC65E1B71E8}"
EndProject
Project("{FAE04EC0-301F-11D3-BF4B-00C04F79EFBC}") = "Tyuiu.ChepragaDM.Sprint0.Task0.V0", "Tyuiu.ChepragaDM.Sprint0.Task0.V0\Tyuiu.ChepragaDM.Sprint0.Task0.V0.csproj", "{CF9FBD21-F631-468A-A5FE-45E00178075D}"
EndProject
Project("{2150E333-8FDC-42A3-9474-1A3956D46DE8}") = "Task1", "Task1", "{5AA1523B-F81D-4B20-AC65-D5D8F1255E8A}"
EndProject
Project("{FAE04EC0-301F-11D3-BF4B-00C04F79EFBC}") = "Tyuiu.ChepragaDM.Sprint0.Task1.V0", "Tyuiu.ChepragaDM.Sprint0.Task1.V0\Tyuiu.ChepragaDM.Sprint0.Task1.V0.csproj", "{FFC018BF-C3DE-4DD2-8A1A-3C78DC1B4135}"
EndProject
Project("{2150E333-8FDC-42A3-9474-1A3956D46DE8}") = "Task2", "Task2", "{4C167CF4-A594-4AD4-802D-4F7C17513993}"
EndProject
Project("{FAE04EC0-301F-11D3-BF4B-00C04F79EFBC}") = "Tyuiu.ChepragaDM.Sprint0.Task2.V0", "Tyuiu.ChepragaDM.Sprint0.Task2.V0\Tyuiu.ChepragaDM.Sprint0.Task2.V0.csproj", "{F8F0B2C8-8F77-418D-A1F0-B77D0E40E6BA}"
EndProject
Project("{FAE04EC0-301F-11D3-BF4B-00C04F79EFBC}") = "Tyuiu.ChepragaDM.Sprint0.Task2.V0.Lib", "Tyuiu.ChepragaDM.Sprint0.Task2.V0.Lib\Tyuiu.ChepragaDM.Sprint0.Task2.V0.Lib.csproj", "{B35EC1BF-0406-4739-BAB7-6B00A1727B11}"
EndProject
Project("{FAE04EC0-301F-11D3-BF4B-00C04F79EFBC}") = "Tyuiu.ChepragaDM.Sprint0.Task2.V0.Test", "Tyuiu.ChepragaDM.Sprint0.Task2.V0.Test\Tyuiu.ChepragaDM.Sprint0.Task2.V0.Test.csproj", "{E8BEF655-6EAF-460B-9A5C-974DDD1E8C64}"
EndProject
Project("{2150E333-8FDC-42A3-9474-1A3956D46DE8}") = "Task3", "Task3", "{183411D2-16A1-426C-B621-5ED35B0A4DCE}"
EndProject
Project("{FAE04EC0-301F-11D3-BF4B-00C04F79EFBC}") = "Tyuiu.ChepragaDM.Sprint0.Task3.V0", "Tyuiu.ChepragaDM.Sprint0.Task3.V0\Tyuiu.ChepragaDM.Sprint0.Task3.V0.csproj", "{DB798D9C-C936-4F7C-95A0-9E43528C75F4}"
EndProject
Project("{FAE04EC0-301F-11D3-BF4B-00C04F79EFBC}") = "Tyuiu.ChepragaDM.Sprint0.Task3.V0.Test", "Tyuiu.ChepragaDM.Sprint0.Task3.V0.Test\Tyuiu.ChepragaDM.Sprint0.Task3.V0.Test.csproj", "{41FF50B9-0266-4F20-90CA-2BB0A2271D4D}"
EndProject
Project("{FAE04EC0-301F-11D3-BF4B-00C04F79EFBC}") = "Tyuiu.ChepragaDM.Sprint0.Task3.V0.Lib", "Tyuiu.ChepragaDM.Sprint0.Task3.V0.Lib\Tyuiu.ChepragaDM.Sprint0.Task3.V0.Lib.csproj", "{AB338E40-C025-42DE-AF09-5A3EEEC958C5}"
EndProject
Global
	GlobalSection(SolutionConfigurationPlatforms) = preSolution
		Debug|Any CPU = Debug|Any CPU
		Release|Any CPU = Release|Any CPU
	EndGlobalSection
	GlobalSection(ProjectConfigurationPlatforms) = postSolution
		{CF9FBD21-F631-468A-A5FE-45E00178075D}.Debug|Any CPU.ActiveCfg = Debug|Any CPU
		{CF9FBD21-F631-468A-A5FE-45E00178075D}.Debug|Any CPU.Build.0 = Debug|Any CPU
		{CF9FBD21-F631-468A-A5FE-45E00178075D}.Release|Any CPU.ActiveCfg = Release|Any CPU
		{CF9FBD21-F631-468A-A5FE-45E00178075D}.Release|Any CPU.Build.0 = Release|Any CPU
		{FFC018BF-C3DE-4DD2-8A1A-3C78DC1B4135}.Debug|Any CPU.ActiveCfg = Debug|Any CPU
		{FFC018BF-C3DE-4DD2-8A1A-3C78DC1B4135}.Debug|Any CPU.Build.0 = Debug|Any CPU
		{FFC018BF-C3DE-4DD2-8A1A-3C78DC1B4135}.Release|Any CPU.ActiveCfg = Release|Any CPU
		{FFC018BF-C3DE-4DD2-8A1A-3C78DC1B4135}.Release|Any CPU.Build.0 = Release|Any CPU
		{F8F0B2C8-8F77-418D-A1F0-B77D0E40E6BA}.Debug|Any CPU.ActiveCfg = Debug|Any CPU
		{F8F0B2C8-8F77-418D-A1F0-B77D0E40E6BA}.Debug|Any CPU.Build.0 = Debug|Any CPU
		{F8F0B2C8-8F77-418D-A1F0-B77D0E40E6BA}.Release|Any CPU.ActiveCfg = Release|Any CPU
		{F8F0B2C8-8F77-418D-A1F0-B77D0E40E6BA}.Release|Any CPU.Build.0 = Release|Any CPU
		{B35EC1BF-0406-4739-BAB7-6B00A1727B11}.Debug|Any CPU.ActiveCfg = Debug|Any CPU
		{B35EC1BF-0406-4739-BAB7-6B00A1727B11}.Debug|Any CPU.Build.0 = Debug|Any CPU
		{B35EC1BF-0406-4739-BAB7-6B00A1727B11}.Release|Any CPU.ActiveCfg = Release|Any CPU
		{B35EC1BF-0406-4739-BAB7-6B00A1727B11}.Release|Any CPU.Build.0 = Release|Any CPU
		{E8BEF655-6EAF-460B-9A5C-974DDD1E8C64}.Debug|Any CPU.ActiveCfg = Debug|Any CPU
		{E8BEF655-6EAF-460B-9A5C-974DDD1E8C64}.Debug|Any CPU.Build.0 = Debug|Any CPU
		{E8BEF655-6EAF-460B-9A5C-974DDD1E8C64}.Release|Any CPU.ActiveCfg = Release|Any CPU
		{E8BEF655-6EAF-460B-9A5C-974DDD1E8C64}.Release|Any CPU.Build.0 = Release|Any CPU
		{DB798D9C-C936-4F7C-95A0-9E43528C75F4}.Debug|Any CPU.ActiveCfg = Debug|Any CPU
		{DB798D9C-C936-4F7C-95A0-9E43528C75F4}.Debug|Any CPU.Build.0 = Debug|Any CPU
		{DB798D9C-C936-4F7C-95A0-9E43528C75F4}.Release|Any CPU.ActiveCfg = Release|Any CPU
		{DB798D9C-C936-4F7C-95A0-9E43528C75F4}.Release|Any CPU.Build.0 = Release|Any CPU
		{41FF50B9-0266-4F20-90CA-2BB0A2271D4D}.Debug|Any CPU.ActiveCfg = Debug|Any CPU
		{41FF50B9-0266-4F20-90CA-2BB0A2271D4D}.Debug|Any CPU.Build.0 = Debug|Any CPU
		{41FF50B9-0266-4F20-90CA-2BB0A2271D4D}.Release|Any CPU.ActiveCfg = Release|Any CPU
		{41FF50B9-0266-4F20-90CA-2BB0A2271D4D}.Release|Any CPU.Build.0 = Release|Any CPU
		{AB338E40-C025-42DE-AF09-5A3EEEC958C5}.Debug|Any CPU.ActiveCfg = Debug|Any CPU
		{AB338E40-C025-42DE-AF09-5A3EEEC958C5}.Debug|Any CPU.Build.0 = Debug|Any CPU
		{AB338E40-C025-42DE-AF09-5A3EEEC958C5}.Release|Any CPU.ActiveCfg = Release|Any CPU
		{AB338E40-C025-42DE-AF09-5A3EEEC958C5}.Release|Any CPU.Build.0 = Release|Any CPU
	EndGlobalSection
	GlobalSection(SolutionProperties) = preSolution
		HideSolutionNode = FALSE
	EndGlobalSection
	GlobalSection(NestedProjects) = preSolution
		{CF9FBD21-F631-468A-A5FE-45E00178075D} = {02EA681E-C7D8-13C7-8484-4AC65E1B71E8}
		{FFC018BF-C3DE-4DD2-8A1A-3C78DC1B4135} = {5AA1523B-F81D-4B20-AC65-D5D8F1255E8A}
		{F8F0B2C8-8F77-418D-A1F0-B77D0E40E6BA} = {4C167CF4-A594-4AD4-802D-4F7C17513993}
		{B35EC1BF-0406-4739-BAB7-6B00A1727B11} = {4C167CF4-A594-4AD4-802D-4F7C17513993}
		{E8BEF655-6EAF-460B-9A5C-974DDD1E8C64} = {4C167CF4-A594-4AD4-802D-4F7C17513993}
		{DB798D9C-C936-4F7C-95A0-9E43528C75F4} = {183411D2-16A1-426C-B621-5ED35B0A4DCE}
		{41FF50B9-0266-4F20-90CA-2BB0A2271D4D} = {183411D2-16A1-426C-B621-5ED35B0A4DCE}
		{AB338E40-C025-42DE-AF09-5A3EEEC958C5} = {183411D2-16A1-426C-B621-5ED35B0A4DCE}
	EndGlobalSection
	GlobalSection(ExtensibilityGlobals) = postSolution
		SolutionGuid = {069E8F1C-E111-472F-817A-F13DCEAC4A33}
	EndGlobalSection
EndGlobal
